PODS:
  - DZNEmptyDataSet (1.8.1)
  - GaugeKit (0.4.5)
  - Gradients (0.1.4)
  - MarqueeLabel/Swift (3.2.0)
  - Realm (3.11.0):
    - Realm/Headers (= 3.11.0)
  - Realm/Headers (3.11.0)
  - RealmSwift (3.11.0):
    - Realm (= 3.11.0)
  - SwiftKeychainWrapper (3.0.1)
  - SwiftLint (0.27.0)
  - XLPagerTabStrip (8.0.1)

DEPENDENCIES:
  - DZNEmptyDataSet
  - GaugeKit
  - Gradients
  - MarqueeLabel/Swift
  - RealmSwift
  - SwiftKeychainWrapper
  - SwiftLint
  - XLPagerTabStrip (~> 8.0)

SPEC REPOS:
  https://github.com/cocoapods/specs.git:
    - DZNEmptyDataSet
    - GaugeKit
    - Gradients
    - MarqueeLabel
    - Realm
    - RealmSwift
    - SwiftKeychainWrapper
    - SwiftLint
    - XLPagerTabStrip

SPEC CHECKSUMS:
  DZNEmptyDataSet: 9525833b9e68ac21c30253e1d3d7076cc828eaa7
  GaugeKit: 7872069a8aed2d26b17fca110fe1ab59722f8a33
  Gradients: c7152bf63168a718bb7be30f860c636ef983fc8b
  MarqueeLabel: 440a502b91a9179bd98f9fff00ba1150650a1c0e
  Realm: 92f09a102692b96a9a10e9617f214f15c5ab85fc
  RealmSwift: 5f0481cd658bb751c509314b964a35eaa264d2cf
  SwiftKeychainWrapper: 38952a3636320ae61bad3513cadd870929de7a4a
  SwiftLint: 3207c1faa2240bf8973b191820a116113cd11073
  XLPagerTabStrip: c908b17cbf42fcd2598ee1adfc49bae25444d88a

PODFILE CHECKSUM: 68ee3adeed06b9373ccafdf3f9be2172f5596503

COCOAPODS: 1.6.0.beta.1
