PODS:
  - DZNEmptyDataSet (1.8.1)
  - GaugeKit (0.4.5)
  - MarqueeLabel/Swift (3.2.0)
  - Realm (3.11.0):
    - Realm/Headers (= 3.11.0)
  - Realm/Headers (3.11.0)
  - RealmSwift (3.11.0):
    - Realm (= 3.11.0)
  - SVProgressHUD (2.2.5)
  - SwiftKeychainWrapper (3.0.1)
  - Then (2.4.0)
  - XLPagerTabStrip (8.0.1)

DEPENDENCIES:
  - DZNEmptyDataSet
  - GaugeKit
  - MarqueeLabel/Swift
  - RealmSwift
  - SVProgressHUD
  - SwiftKeychainWrapper
  - Then
  - XLPagerTabStrip

SPEC REPOS:
  https://github.com/cocoapods/specs.git:
    - DZNEmptyDataSet
    - GaugeKit
    - MarqueeLabel
    - Realm
    - RealmSwift
    - SVProgressHUD
    - SwiftKeychainWrapper
    - Then
    - XLPagerTabStrip

SPEC CHECKSUMS:
  DZNEmptyDataSet: 9525833b9e68ac21c30253e1d3d7076cc828eaa7
  GaugeKit: 7872069a8aed2d26b17fca110fe1ab59722f8a33
  MarqueeLabel: 440a502b91a9179bd98f9fff00ba1150650a1c0e
  Realm: 92f09a102692b96a9a10e9617f214f15c5ab85fc
  RealmSwift: 5f0481cd658bb751c509314b964a35eaa264d2cf
  SVProgressHUD: 1428aafac632c1f86f62aa4243ec12008d7a51d6
  SwiftKeychainWrapper: 38952a3636320ae61bad3513cadd870929de7a4a
  Then: 71866660c7af35a7343831f7668e7cd2b62ee0f2
  XLPagerTabStrip: c908b17cbf42fcd2598ee1adfc49bae25444d88a

PODFILE CHECKSUM: cf7fbafd9f5d2062e4d97c576509dfe6e37a5e23

COCOAPODS: 1.6.0
